
Microsoft Visual Studio Solution File, Format Version 12.00
# Visual Studio Version 17
VisualStudioVersion = 17.13.35828.75 d17.13
MinimumVisualStudioVersion = 10.0.40219.1
Project("{FAE04EC0-301F-11D3-BF4B-00C04F79EFBC}") = "PostHogTrial", "PostHogTrial\PostHogTrial.csproj", "{31BAAE77-7182-49CA-AC91-C9A45EFA92D0}"
EndProject
Global
	GlobalSection(SolutionConfigurationPlatforms) = preSolution
		Debug|Any CPU = Debug|Any CPU
		Release|Any CPU = Release|Any CPU
	EndGlobalSection
	GlobalSection(ProjectConfigurationPlatforms) = postSolution
		{31BAAE77-7182-49CA-AC91-C9A45EFA92D0}.Debug|Any CPU.ActiveCfg = Debug|Any CPU
		{31BAAE77-7182-49CA-AC91-C9A45EFA92D0}.Debug|Any CPU.Build.0 = Debug|Any CPU
		{31BAAE77-7182-49CA-AC91-C9A45EFA92D0}.Release|Any CPU.ActiveCfg = Release|Any CPU
		{31BAAE77-7182-49CA-AC91-C9A45EFA92D0}.Release|Any CPU.Build.0 = Release|Any CPU
	EndGlobalSection
	GlobalSection(SolutionProperties) = preSolution
		HideSolutionNode = FALSE
	EndGlobalSection
	GlobalSection(ExtensibilityGlobals) = postSolution
		SolutionGuid = {6C36ED20-8002-495F-94F4-48318489BD54}
	EndGlobalSection
EndGlobal
